
Microsoft Visual Studio Solution File, Format Version 11.00
# Visual Studio 2010
Project("{8BC9CEB8-8B4A-11D0-8D11-00A0C91BC942}") = "ハノイの塔", "ハノイの塔\ハノイの塔.vcxproj", "{EE06F00C-8477-47B5-B5D1-8752FF9AB16B}"
EndProject
Global
	GlobalSection(SolutionConfigurationPlatforms) = preSolution
		Debug|Win32 = Debug|Win32
		Release|Win32 = Release|Win32
	EndGlobalSection
	GlobalSection(ProjectConfigurationPlatforms) = postSolution
		{EE06F00C-8477-47B5-B5D1-8752FF9AB16B}.Debug|Win32.ActiveCfg = Debug|Win32
		{EE06F00C-8477-47B5-B5D1-8752FF9AB16B}.Debug|Win32.Build.0 = Debug|Win32
		{EE06F00C-8477-47B5-B5D1-8752FF9AB16B}.Release|Win32.ActiveCfg = Release|Win32
		{EE06F00C-8477-47B5-B5D1-8752FF9AB16B}.Release|Win32.Build.0 = Release|Win32
	EndGlobalSection
	GlobalSection(SolutionProperties) = preSolution
		HideSolutionNode = FALSE
	EndGlobalSection
EndGlobal
