
Microsoft Visual Studio Solution File, Format Version 11.00
# Visual Studio 2010
Project("{8BC9CEB8-8B4A-11D0-8D11-00A0C91BC942}") = "Clang.1219.05", "Clang.1219.05\Clang.1219.05.vcxproj", "{83AE7FCD-5DB0-466B-A7EC-0778488D21ED}"
EndProject
Global
	GlobalSection(SolutionConfigurationPlatforms) = preSolution
		Debug|Win32 = Debug|Win32
		Release|Win32 = Release|Win32
	EndGlobalSection
	GlobalSection(ProjectConfigurationPlatforms) = postSolution
		{83AE7FCD-5DB0-466B-A7EC-0778488D21ED}.Debug|Win32.ActiveCfg = Debug|Win32
		{83AE7FCD-5DB0-466B-A7EC-0778488D21ED}.Debug|Win32.Build.0 = Debug|Win32
		{83AE7FCD-5DB0-466B-A7EC-0778488D21ED}.Release|Win32.ActiveCfg = Release|Win32
		{83AE7FCD-5DB0-466B-A7EC-0778488D21ED}.Release|Win32.Build.0 = Release|Win32
	EndGlobalSection
	GlobalSection(SolutionProperties) = preSolution
		HideSolutionNode = FALSE
	EndGlobalSection
EndGlobal
