
Microsoft Visual Studio Solution File, Format Version 11.00
# Visual Studio 2010
Project("{8BC9CEB8-8B4A-11D0-8D11-00A0C91BC942}") = "Clang.1212.03", "Clang.1212.03\Clang.1212.03.vcxproj", "{7FCAA3BA-C246-407D-8816-EFDB247A98BD}"
EndProject
Global
	GlobalSection(SolutionConfigurationPlatforms) = preSolution
		Debug|Win32 = Debug|Win32
		Release|Win32 = Release|Win32
	EndGlobalSection
	GlobalSection(ProjectConfigurationPlatforms) = postSolution
		{7FCAA3BA-C246-407D-8816-EFDB247A98BD}.Debug|Win32.ActiveCfg = Debug|Win32
		{7FCAA3BA-C246-407D-8816-EFDB247A98BD}.Debug|Win32.Build.0 = Debug|Win32
		{7FCAA3BA-C246-407D-8816-EFDB247A98BD}.Release|Win32.ActiveCfg = Release|Win32
		{7FCAA3BA-C246-407D-8816-EFDB247A98BD}.Release|Win32.Build.0 = Release|Win32
	EndGlobalSection
	GlobalSection(SolutionProperties) = preSolution
		HideSolutionNode = FALSE
	EndGlobalSection
EndGlobal
