
Microsoft Visual Studio Solution File, Format Version 11.00
# Visual Studio 2010
Project("{8BC9CEB8-8B4A-11D0-8D11-00A0C91BC942}") = "Clang.1017.03", "Clang.1017.03\Clang.1017.03.vcxproj", "{D84B1ED7-65A1-4158-9AE5-D669C7BC6F57}"
EndProject
Global
	GlobalSection(SolutionConfigurationPlatforms) = preSolution
		Debug|Win32 = Debug|Win32
		Release|Win32 = Release|Win32
	EndGlobalSection
	GlobalSection(ProjectConfigurationPlatforms) = postSolution
		{D84B1ED7-65A1-4158-9AE5-D669C7BC6F57}.Debug|Win32.ActiveCfg = Debug|Win32
		{D84B1ED7-65A1-4158-9AE5-D669C7BC6F57}.Debug|Win32.Build.0 = Debug|Win32
		{D84B1ED7-65A1-4158-9AE5-D669C7BC6F57}.Release|Win32.ActiveCfg = Release|Win32
		{D84B1ED7-65A1-4158-9AE5-D669C7BC6F57}.Release|Win32.Build.0 = Release|Win32
	EndGlobalSection
	GlobalSection(SolutionProperties) = preSolution
		HideSolutionNode = FALSE
	EndGlobalSection
EndGlobal
