
Microsoft Visual Studio Solution File, Format Version 11.00
# Visual Studio 2010
Project("{8BC9CEB8-8B4A-11D0-8D11-00A0C91BC942}") = "2015.05.12.02", "2015.05.12.02\2015.05.12.02.vcxproj", "{1C9B0951-9A7E-4F2E-8383-125B1DA57B3E}"
EndProject
Global
	GlobalSection(SolutionConfigurationPlatforms) = preSolution
		Debug|Win32 = Debug|Win32
		Release|Win32 = Release|Win32
	EndGlobalSection
	GlobalSection(ProjectConfigurationPlatforms) = postSolution
		{1C9B0951-9A7E-4F2E-8383-125B1DA57B3E}.Debug|Win32.ActiveCfg = Debug|Win32
		{1C9B0951-9A7E-4F2E-8383-125B1DA57B3E}.Debug|Win32.Build.0 = Debug|Win32
		{1C9B0951-9A7E-4F2E-8383-125B1DA57B3E}.Release|Win32.ActiveCfg = Release|Win32
		{1C9B0951-9A7E-4F2E-8383-125B1DA57B3E}.Release|Win32.Build.0 = Release|Win32
	EndGlobalSection
	GlobalSection(SolutionProperties) = preSolution
		HideSolutionNode = FALSE
	EndGlobalSection
EndGlobal
