
Microsoft Visual Studio Solution File, Format Version 11.00
# Visual Studio 2010
Project("{8BC9CEB8-8B4A-11D0-8D11-00A0C91BC942}") = "Clang.1031.06", "Clang.1031.06\Clang.1031.06.vcxproj", "{7AEF7BEF-AB61-469E-B5F3-E6AC95EC3EF2}"
EndProject
Global
	GlobalSection(SolutionConfigurationPlatforms) = preSolution
		Debug|Win32 = Debug|Win32
		Release|Win32 = Release|Win32
	EndGlobalSection
	GlobalSection(ProjectConfigurationPlatforms) = postSolution
		{7AEF7BEF-AB61-469E-B5F3-E6AC95EC3EF2}.Debug|Win32.ActiveCfg = Debug|Win32
		{7AEF7BEF-AB61-469E-B5F3-E6AC95EC3EF2}.Debug|Win32.Build.0 = Debug|Win32
		{7AEF7BEF-AB61-469E-B5F3-E6AC95EC3EF2}.Release|Win32.ActiveCfg = Release|Win32
		{7AEF7BEF-AB61-469E-B5F3-E6AC95EC3EF2}.Release|Win32.Build.0 = Release|Win32
	EndGlobalSection
	GlobalSection(SolutionProperties) = preSolution
		HideSolutionNode = FALSE
	EndGlobalSection
EndGlobal
