
Microsoft Visual Studio Solution File, Format Version 11.00
# Visual Studio 2010
Project("{8BC9CEB8-8B4A-11D0-8D11-00A0C91BC942}") = "Clang.1003.03", "Clang.1003.03\Clang.1003.03.vcxproj", "{1DBE4A97-90D2-472D-9B86-D42E751CC928}"
EndProject
Global
	GlobalSection(SolutionConfigurationPlatforms) = preSolution
		Debug|Win32 = Debug|Win32
		Release|Win32 = Release|Win32
	EndGlobalSection
	GlobalSection(ProjectConfigurationPlatforms) = postSolution
		{1DBE4A97-90D2-472D-9B86-D42E751CC928}.Debug|Win32.ActiveCfg = Debug|Win32
		{1DBE4A97-90D2-472D-9B86-D42E751CC928}.Debug|Win32.Build.0 = Debug|Win32
		{1DBE4A97-90D2-472D-9B86-D42E751CC928}.Release|Win32.ActiveCfg = Release|Win32
		{1DBE4A97-90D2-472D-9B86-D42E751CC928}.Release|Win32.Build.0 = Release|Win32
	EndGlobalSection
	GlobalSection(SolutionProperties) = preSolution
		HideSolutionNode = FALSE
	EndGlobalSection
EndGlobal
