
Microsoft Visual Studio Solution File, Format Version 11.00
# Visual Studio 2010
Project("{8BC9CEB8-8B4A-11D0-8D11-00A0C91BC942}") = "Clang.1024.06", "Clang.1024.06\Clang.1024.06.vcxproj", "{E6EDB622-433D-429D-BAC8-0C3202F10915}"
EndProject
Global
	GlobalSection(SolutionConfigurationPlatforms) = preSolution
		Debug|Win32 = Debug|Win32
		Release|Win32 = Release|Win32
	EndGlobalSection
	GlobalSection(ProjectConfigurationPlatforms) = postSolution
		{E6EDB622-433D-429D-BAC8-0C3202F10915}.Debug|Win32.ActiveCfg = Debug|Win32
		{E6EDB622-433D-429D-BAC8-0C3202F10915}.Debug|Win32.Build.0 = Debug|Win32
		{E6EDB622-433D-429D-BAC8-0C3202F10915}.Release|Win32.ActiveCfg = Release|Win32
		{E6EDB622-433D-429D-BAC8-0C3202F10915}.Release|Win32.Build.0 = Release|Win32
	EndGlobalSection
	GlobalSection(SolutionProperties) = preSolution
		HideSolutionNode = FALSE
	EndGlobalSection
EndGlobal
