
Microsoft Visual Studio Solution File, Format Version 11.00
# Visual Studio 2010
Project("{8BC9CEB8-8B4A-11D0-8D11-00A0C91BC942}") = "Clang.1205.02", "Clang.1205.02\Clang.1205.02.vcxproj", "{A170A8C7-7016-46AA-B766-02810BAEA4DF}"
EndProject
Global
	GlobalSection(SolutionConfigurationPlatforms) = preSolution
		Debug|Win32 = Debug|Win32
		Release|Win32 = Release|Win32
	EndGlobalSection
	GlobalSection(ProjectConfigurationPlatforms) = postSolution
		{A170A8C7-7016-46AA-B766-02810BAEA4DF}.Debug|Win32.ActiveCfg = Debug|Win32
		{A170A8C7-7016-46AA-B766-02810BAEA4DF}.Debug|Win32.Build.0 = Debug|Win32
		{A170A8C7-7016-46AA-B766-02810BAEA4DF}.Release|Win32.ActiveCfg = Release|Win32
		{A170A8C7-7016-46AA-B766-02810BAEA4DF}.Release|Win32.Build.0 = Release|Win32
	EndGlobalSection
	GlobalSection(SolutionProperties) = preSolution
		HideSolutionNode = FALSE
	EndGlobalSection
EndGlobal
