
Microsoft Visual Studio Solution File, Format Version 11.00
# Visual Studio 2010
Project("{8BC9CEB8-8B4A-11D0-8D11-00A0C91BC942}") = "Clang.1031.01", "Clang.1031.01\Clang.1031.01.vcxproj", "{AF8ADB2D-7A74-4F1A-B94D-53190A895D40}"
EndProject
Global
	GlobalSection(SolutionConfigurationPlatforms) = preSolution
		Debug|Win32 = Debug|Win32
		Release|Win32 = Release|Win32
	EndGlobalSection
	GlobalSection(ProjectConfigurationPlatforms) = postSolution
		{AF8ADB2D-7A74-4F1A-B94D-53190A895D40}.Debug|Win32.ActiveCfg = Debug|Win32
		{AF8ADB2D-7A74-4F1A-B94D-53190A895D40}.Debug|Win32.Build.0 = Debug|Win32
		{AF8ADB2D-7A74-4F1A-B94D-53190A895D40}.Release|Win32.ActiveCfg = Release|Win32
		{AF8ADB2D-7A74-4F1A-B94D-53190A895D40}.Release|Win32.Build.0 = Release|Win32
	EndGlobalSection
	GlobalSection(SolutionProperties) = preSolution
		HideSolutionNode = FALSE
	EndGlobalSection
EndGlobal
