
Microsoft Visual Studio Solution File, Format Version 11.00
# Visual Studio 2010
Project("{8BC9CEB8-8B4A-11D0-8D11-00A0C91BC942}") = "2015.04.28.04", "2015.04.28.04\2015.04.28.04.vcxproj", "{6FC4893F-F738-444E-8228-0E648FD13EF7}"
EndProject
Global
	GlobalSection(SolutionConfigurationPlatforms) = preSolution
		Debug|Win32 = Debug|Win32
		Release|Win32 = Release|Win32
	EndGlobalSection
	GlobalSection(ProjectConfigurationPlatforms) = postSolution
		{6FC4893F-F738-444E-8228-0E648FD13EF7}.Debug|Win32.ActiveCfg = Debug|Win32
		{6FC4893F-F738-444E-8228-0E648FD13EF7}.Debug|Win32.Build.0 = Debug|Win32
		{6FC4893F-F738-444E-8228-0E648FD13EF7}.Release|Win32.ActiveCfg = Release|Win32
		{6FC4893F-F738-444E-8228-0E648FD13EF7}.Release|Win32.Build.0 = Release|Win32
	EndGlobalSection
	GlobalSection(SolutionProperties) = preSolution
		HideSolutionNode = FALSE
	EndGlobalSection
EndGlobal
